
Microsoft Visual Studio Solution File, Format Version 12.00
# Visual Studio Version 17
VisualStudioVersion = 17.3.32929.385
MinimumVisualStudioVersion = 10.0.40219.1
Project("{9A19103F-16F7-4668-BE54-9A1E7A4F7556}") = "SFModule9", "SFModule9.csproj", "{38DC875C-F33F-4D13-A940-8FA1CCB768FE}"
EndProject
Global
	GlobalSection(SolutionConfigurationPlatforms) = preSolution
		Debug|Any CPU = Debug|Any CPU
		Release|Any CPU = Release|Any CPU
	EndGlobalSection
	GlobalSection(ProjectConfigurationPlatforms) = postSolution
		{38DC875C-F33F-4D13-A940-8FA1CCB768FE}.Debug|Any CPU.ActiveCfg = Debug|Any CPU
		{38DC875C-F33F-4D13-A940-8FA1CCB768FE}.Debug|Any CPU.Build.0 = Debug|Any CPU
		{38DC875C-F33F-4D13-A940-8FA1CCB768FE}.Release|Any CPU.ActiveCfg = Release|Any CPU
		{38DC875C-F33F-4D13-A940-8FA1CCB768FE}.Release|Any CPU.Build.0 = Release|Any CPU
	EndGlobalSection
	GlobalSection(SolutionProperties) = preSolution
		HideSolutionNode = FALSE
	EndGlobalSection
	GlobalSection(ExtensibilityGlobals) = postSolution
		SolutionGuid = {8DDB65F4-F701-49A6-86FA-82EB051954F8}
	EndGlobalSection
EndGlobal
